<?xml version="1.0" encoding="utf-8"?>
<Project ToolsVersion="17.0" xmlns="http://schemas.microsoft.com/developer/msbuild/2003">
  <ItemGroup>
    <ClCompile Include="C:\Users\pcern\Coding-Samples\function_calculator\biquadratic_number.cpp">
      <Filter>Source Files</Filter>
    </ClCompile>
    <ClCompile Include="C:\Users\pcern\Coding-Samples\function_calculator\complex_quadratic.cpp">
      <Filter>Source Files</Filter>
    </ClCompile>
    <ClCompile Include="C:\Users\pcern\Coding-Samples\function_calculator\fn_polynomial.cpp">
      <Filter>Source Files</Filter>
    </ClCompile>
    <ClCompile Include="C:\Users\pcern\Coding-Samples\function_calculator\function.cpp">
      <Filter>Source Files</Filter>
    </ClCompile>
    <ClCompile Include="C:\Users\pcern\Coding-Samples\function_calculator\main.cpp">
      <Filter>Source Files</Filter>
    </ClCompile>
    <ClCompile Include="C:\Users\pcern\Coding-Samples\function_calculator\mp_integer.cpp">
      <Filter>Source Files</Filter>
    </ClCompile>
    <ClCompile Include="C:\Users\pcern\Coding-Samples\function_calculator\number.cpp">
      <Filter>Source Files</Filter>
    </ClCompile>
    <ClCompile Include="C:\Users\pcern\Coding-Samples\function_calculator\pi_polynomial.cpp">
      <Filter>Source Files</Filter>
    </ClCompile>
    <ClCompile Include="C:\Users\pcern\Coding-Samples\function_calculator\pi_rational.cpp">
      <Filter>Source Files</Filter>
    </ClCompile>
    <ClCompile Include="C:\Users\pcern\Coding-Samples\function_calculator\quadratic_number.cpp">
      <Filter>Source Files</Filter>
    </ClCompile>
    <ClCompile Include="C:\Users\pcern\Coding-Samples\function_calculator\rational.cpp">
      <Filter>Source Files</Filter>
    </ClCompile>
  </ItemGroup>
  <ItemGroup>
    <ClInclude Include="C:\Users\pcern\Coding-Samples\function_calculator\private_headers\dynamic_matrix.h">
      <Filter>Header Files</Filter>
    </ClInclude>
    <ClInclude Include="C:\Users\pcern\Coding-Samples\function_calculator\biquadratic_number.h">
      <Filter>Header Files</Filter>
    </ClInclude>
    <ClInclude Include="C:\Users\pcern\Coding-Samples\function_calculator\complex_quadratic.h">
      <Filter>Header Files</Filter>
    </ClInclude>
    <ClInclude Include="C:\Users\pcern\Coding-Samples\function_calculator\fn_polynomial.h">
      <Filter>Header Files</Filter>
    </ClInclude>
    <ClInclude Include="C:\Users\pcern\Coding-Samples\function_calculator\function.h">
      <Filter>Header Files</Filter>
    </ClInclude>
    <ClInclude Include="C:\Users\pcern\Coding-Samples\function_calculator\mp_integer.h">
      <Filter>Header Files</Filter>
    </ClInclude>
    <ClInclude Include="C:\Users\pcern\Coding-Samples\function_calculator\number.h">
      <Filter>Header Files</Filter>
    </ClInclude>
    <ClInclude Include="C:\Users\pcern\Coding-Samples\function_calculator\pi_polynomial.h">
      <Filter>Header Files</Filter>
    </ClInclude>
    <ClInclude Include="C:\Users\pcern\Coding-Samples\function_calculator\pi_rational.h">
      <Filter>Header Files</Filter>
    </ClInclude>
    <ClInclude Include="C:\Users\pcern\Coding-Samples\function_calculator\quadratic_number.h">
      <Filter>Header Files</Filter>
    </ClInclude>
    <ClInclude Include="C:\Users\pcern\Coding-Samples\function_calculator\rational.h">
      <Filter>Header Files</Filter>
    </ClInclude>
  </ItemGroup>
  <ItemGroup>
    <Filter Include="Header Files">
      <UniqueIdentifier>{B125FEAD-47E4-3B49-BBF6-73564D69246C}</UniqueIdentifier>
    </Filter>
    <Filter Include="Source Files">
      <UniqueIdentifier>{49A8E154-1D9D-3817-AB53-F31E3A51F9A2}</UniqueIdentifier>
    </Filter>
  </ItemGroup>
</Project>
