
Microsoft Visual Studio Solution File, Format Version 12.00
# Visual Studio Version 17
Project("{8BC9CEB8-8B4A-11D0-8D11-00A0C91BC942}") = "ComputationalGeometry", "ComputationalGeometry.vcxproj", "{26757238-4688-319F-8524-00FD75F296CB}"
	ProjectSection(ProjectDependencies) = postProject
	EndProjectSection
EndProject
Project("{8BC9CEB8-8B4A-11D0-8D11-00A0C91BC942}") = "ALL_BUILD", "ALL_BUILD.vcxproj", "{C4EA7822-12A6-3114-8819-B8AE86A8693F}"
	ProjectSection(ProjectDependencies) = postProject
		{26757238-4688-319F-8524-00FD75F296CB} = {26757238-4688-319F-8524-00FD75F296CB}
	EndProjectSection
EndProject
Global
	GlobalSection(SolutionConfigurationPlatforms) = preSolution
		Debug|x64 = Debug|x64
		Release|x64 = Release|x64
		MinSizeRel|x64 = MinSizeRel|x64
		RelWithDebInfo|x64 = RelWithDebInfo|x64
	EndGlobalSection
	GlobalSection(ProjectConfigurationPlatforms) = postSolution
		{26757238-4688-319F-8524-00FD75F296CB}.Debug|x64.ActiveCfg = Debug|x64
		{26757238-4688-319F-8524-00FD75F296CB}.Debug|x64.Build.0 = Debug|x64
		{26757238-4688-319F-8524-00FD75F296CB}.Release|x64.ActiveCfg = Release|x64
		{26757238-4688-319F-8524-00FD75F296CB}.Release|x64.Build.0 = Release|x64
		{26757238-4688-319F-8524-00FD75F296CB}.MinSizeRel|x64.ActiveCfg = MinSizeRel|x64
		{26757238-4688-319F-8524-00FD75F296CB}.MinSizeRel|x64.Build.0 = MinSizeRel|x64
		{26757238-4688-319F-8524-00FD75F296CB}.RelWithDebInfo|x64.ActiveCfg = RelWithDebInfo|x64
		{26757238-4688-319F-8524-00FD75F296CB}.RelWithDebInfo|x64.Build.0 = RelWithDebInfo|x64
		{C4EA7822-12A6-3114-8819-B8AE86A8693F}.Debug|x64.ActiveCfg = Debug|x64
		{C4EA7822-12A6-3114-8819-B8AE86A8693F}.Release|x64.ActiveCfg = Release|x64
		{C4EA7822-12A6-3114-8819-B8AE86A8693F}.MinSizeRel|x64.ActiveCfg = MinSizeRel|x64
		{C4EA7822-12A6-3114-8819-B8AE86A8693F}.RelWithDebInfo|x64.ActiveCfg = RelWithDebInfo|x64
	EndGlobalSection
	GlobalSection(ExtensibilityGlobals) = postSolution
		SolutionGuid = {4B013F0C-D08D-3E31-96D4-A596C128D2D5}
	EndGlobalSection
	GlobalSection(ExtensibilityAddIns) = postSolution
	EndGlobalSection
EndGlobal
